{
  "name": "@shashwat_ps/common",
  "version": "1.0.2",
  "lockfileVersion": 3,
  "requires": true,
  "packages": {
    "": {
      "name": "@shashwat_ps/common",
      "version": "1.0.2",
      "license": "ISC",
      "dependencies": {
        "@shashwat_ps/common": "^1.0.2",
        "zod": "^3.22.2"
      }
    },
    "node_modules/@shashwat_ps/common": {
      "version": "1.0.2",
      "resolved": "https://registry.npmjs.org/@shashwat_ps/common/-/common-1.0.2.tgz",
      "integrity": "sha512-WyYPZ3s3Cnp0rXPtHx0N3Al2XgW8mQmp+5OIMTC5jjr6J6mAamsYeZjdvzlfa26FhbUX6A74ddQ5lK3L6xI7nQ==",
      "dependencies": {
        "zod": "^3.22.2"
      }
    },
    "node_modules/zod": {
      "version": "3.22.2",
      "resolved": "https://registry.npmjs.org/zod/-/zod-3.22.2.tgz",
      "integrity": "sha512-wvWkphh5WQsJbVk1tbx1l1Ly4yg+XecD+Mq280uBGt9wa5BKSWf4Mhp6GmrkPixhMxmabYY7RbzlwVP32pbGCg==",
      "funding": {
        "url": "https://github.com/sponsors/colinhacks"
      }
    }
  }
}
